
Microsoft Visual Studio Solution File, Format Version 12.00
# Visual Studio Version 16
VisualStudioVersion = 16.0.32126.315
MinimumVisualStudioVersion = 10.0.40219.1
Project("{FAE04EC0-301F-11D3-BF4B-00C04F79EFBC}") = "Task.28.03.2022", "Task.28.03.2022\Task.28.03.2022.csproj", "{48CA95E6-BD0C-486B-A14A-6890B5346FC3}"
EndProject
Project("{FAE04EC0-301F-11D3-BF4B-00C04F79EFBC}") = "Utilities", "Utilities\Utilities.csproj", "{7FFF0BB6-CABF-483F-A300-851EC6D8EDC0}"
EndProject
Global
	GlobalSection(SolutionConfigurationPlatforms) = preSolution
		Debug|Any CPU = Debug|Any CPU
		Release|Any CPU = Release|Any CPU
	EndGlobalSection
	GlobalSection(ProjectConfigurationPlatforms) = postSolution
		{48CA95E6-BD0C-486B-A14A-6890B5346FC3}.Debug|Any CPU.ActiveCfg = Debug|Any CPU
		{48CA95E6-BD0C-486B-A14A-6890B5346FC3}.Debug|Any CPU.Build.0 = Debug|Any CPU
		{48CA95E6-BD0C-486B-A14A-6890B5346FC3}.Release|Any CPU.ActiveCfg = Release|Any CPU
		{48CA95E6-BD0C-486B-A14A-6890B5346FC3}.Release|Any CPU.Build.0 = Release|Any CPU
		{7FFF0BB6-CABF-483F-A300-851EC6D8EDC0}.Debug|Any CPU.ActiveCfg = Debug|Any CPU
		{7FFF0BB6-CABF-483F-A300-851EC6D8EDC0}.Debug|Any CPU.Build.0 = Debug|Any CPU
		{7FFF0BB6-CABF-483F-A300-851EC6D8EDC0}.Release|Any CPU.ActiveCfg = Release|Any CPU
		{7FFF0BB6-CABF-483F-A300-851EC6D8EDC0}.Release|Any CPU.Build.0 = Release|Any CPU
	EndGlobalSection
	GlobalSection(SolutionProperties) = preSolution
		HideSolutionNode = FALSE
	EndGlobalSection
	GlobalSection(ExtensibilityGlobals) = postSolution
		SolutionGuid = {E2C6B908-E15F-4003-AF7D-BBCEA46D176E}
	EndGlobalSection
EndGlobal
